<Solution>
  <Folder Name="/common/">
    <Project Path="common/Contracts/Contracts.csproj" />
  </Folder>
  <Folder Name="/services/">
    <Project Path="services/QuestionService/QuestionService.csproj" />
    <Project Path="services/SearchService/SearchService.csproj" />
  </Folder>
  <Project Path="Overflow.AppHost/Overflow.AppHost.csproj" />
  <Project Path="Overflow.ServiceDefaults/Overflow.ServiceDefaults.csproj" />
</Solution>
